<?xml version="1.0" encoding="utf-8"?>
<Project ToolsVersion="4.0" xmlns="http://schemas.microsoft.com/developer/msbuild/2003">
  <ItemGroup>
    <Filter Include="Resources">
      <UniqueIdentifier>d439e338-f767-4ef7-9b54-da8b4177f705</UniqueIdentifier>
      <Extensions>ico;cur;bmp;dds;dlg;fbx;rct;bin;rgs;gif;jpg;jpeg;jpe;resx;tga;tiff;tif;png;wav;mfcribbon-ms</Extensions>
    </Filter>
    <Filter Include="Resources\Texture">
      <UniqueIdentifier>{a5bc49fd-4ff4-4276-a3ea-6d4c7989657e}</UniqueIdentifier>
    </Filter>
    <Filter Include="Resources\Assets">
      <UniqueIdentifier>{f73d81d7-31c0-476d-8ad6-3a75fe4252b7}</UniqueIdentifier>
    </Filter>
    <Filter Include="Source">
      <UniqueIdentifier>c1d233ee-9861-4493-82ea-3023a5b3075e</UniqueIdentifier>
    </Filter>
    <Filter Include="Source\Core">
      <UniqueIdentifier>{7060547a-be7d-4973-a7f5-eee4025a9dcf}</UniqueIdentifier>
    </Filter>
    <Filter Include="Source\Entity">
      <UniqueIdentifier>{a231a0fd-2faa-4c2f-a6dc-471033add5dd}</UniqueIdentifier>
    </Filter>
    <Filter Include="Source\Entity\Mario">
      <UniqueIdentifier>{b4f75cbf-e1a2-4880-849c-b3c310e46fe3}</UniqueIdentifier>
    </Filter>
    <Filter Include="Source\Graphics">
      <UniqueIdentifier>{db3a463c-bc0f-4666-8b3c-b4e88a52c762}</UniqueIdentifier>
    </Filter>
    <Filter Include="Source\Lib">
      <UniqueIdentifier>{4a6ef0e9-ccaf-4de9-80d0-bf201638b441}</UniqueIdentifier>
    </Filter>
    <Filter Include="Source\Entity\Misc">
      <UniqueIdentifier>{e028b4a6-a349-42e3-8c4e-78d880d36f3f}</UniqueIdentifier>
    </Filter>
    <Filter Include="Source\Entity\Block">
      <UniqueIdentifier>{4a1abce6-7c5e-47e8-a949-4ed50058e8d3}</UniqueIdentifier>
    </Filter>
    <Filter Include="Source\Debug">
      <UniqueIdentifier>{eed301ce-ab1e-454a-8cad-748e8898ae9d}</UniqueIdentifier>
    </Filter>
    <Filter Include="Source\Physics">
      <UniqueIdentifier>{91f8fd95-f3ef-489a-9220-1ad929c60f13}</UniqueIdentifier>
    </Filter>
    <Filter Include="Source\Entity\Enemies">
      <UniqueIdentifier>{d74bf14b-1525-4e2d-923e-3225d9124068}</UniqueIdentifier>
    </Filter>
  </ItemGroup>
  <ItemGroup>
    <ClInclude Include="src\DeviceResources.h">
      <Filter>Source\Core</Filter>
    </ClInclude>
    <ClInclude Include="src\pch.h">
      <Filter>Source\Core</Filter>
    </ClInclude>
    <ClInclude Include="src\Animator.h">
      <Filter>Source\Graphics</Filter>
    </ClInclude>
    <ClInclude Include="src\AssetIDs.h">
      <Filter>Source\Lib</Filter>
    </ClInclude>
    <ClInclude Include="src\BlackBackground.h">
      <Filter>Source\Entity\Misc</Filter>
    </ClInclude>
    <ClInclude Include="src\Block.h">
      <Filter>Source\Entity\Block</Filter>
    </ClInclude>
    <ClInclude Include="src\Brick.h">
      <Filter>Source\Entity\Block</Filter>
    </ClInclude>
    <ClInclude Include="src\Bush.h">
      <Filter>Source\Entity\Block</Filter>
    </ClInclude>
    <ClInclude Include="src\Cloud.h">
      <Filter>Source\Entity\Misc</Filter>
    </ClInclude>
    <ClInclude Include="src\Coin.h">
      <Filter>Source\Entity\Block</Filter>
    </ClInclude>
    <ClInclude Include="src\Camera.h">
      <Filter>Source\Graphics</Filter>
    </ClInclude>
    <ClInclude Include="src\Debug.h">
      <Filter>Source\Debug</Filter>
    </ClInclude>
    <ClInclude Include="src\DebugOverlay.h">
      <Filter>Source\Debug</Filter>
    </ClInclude>
    <ClInclude Include="src\EndPortal.h">
      <Filter>Source\Entity\Misc</Filter>
    </ClInclude>
    <ClInclude Include="src\CollisionComponent.h">
      <Filter>Source\Physics</Filter>
    </ClInclude>
    <ClInclude Include="src\Collision.h">
      <Filter>Source\Physics</Filter>
    </ClInclude>
    <ClInclude Include="src\Entity.h">
      <Filter>Source\Entity</Filter>
    </ClInclude>
    <ClInclude Include="src\Ground.h">
      <Filter>Source\Entity\Block</Filter>
    </ClInclude>
    <ClInclude Include="src\HeadUpDisplay.h">
      <Filter>Source\Graphics</Filter>
    </ClInclude>
    <ClInclude Include="src\Helpers.h">
      <Filter>Source\Debug</Filter>
    </ClInclude>
    <ClInclude Include="src\json.hpp">
      <Filter>Source\Core</Filter>
    </ClInclude>
    <ClInclude Include="src\LuckyBlock.h">
      <Filter>Source\Entity\Block</Filter>
    </ClInclude>
    <ClInclude Include="src\Mario.h">
      <Filter>Source\Entity\Mario</Filter>
    </ClInclude>
    <ClInclude Include="src\MarioMovementStates.h">
      <Filter>Source\Entity\Mario</Filter>
    </ClInclude>
    <ClInclude Include="src\MarioPowerUpStates.h">
      <Filter>Source\Entity\Mario</Filter>
    </ClInclude>
    <ClInclude Include="src\MarioStateBase.h">
      <Filter>Source\Entity\Mario</Filter>
    </ClInclude>
    <ClInclude Include="src\ScrewBlock.h">
      <Filter>Source\Entity\Block</Filter>
    </ClInclude>
    <ClInclude Include="src\SkyPlatform.h">
      <Filter>Source\Entity\Block</Filter>
    </ClInclude>
    <ClInclude Include="src\SpriteSheet.h">
      <Filter>Source\Graphics</Filter>
    </ClInclude>
    <ClInclude Include="src\World.h">
      <Filter>Source\Core</Filter>
    </ClInclude>
    <ClInclude Include="src\State.h">
      <Filter>Source\Entity</Filter>
    </ClInclude>
    <ClInclude Include="src\StepTimer.h">
      <Filter>Source\Core</Filter>
    </ClInclude>
    <ClInclude Include="src\Pipe.h">
      <Filter>Source\Entity\Block</Filter>
    </ClInclude>
    <ClInclude Include="src\resource.h">
      <Filter>Resources</Filter>
    </ClInclude>
    <ClInclude Include="src\Animator.h" />
    <ClInclude Include="src\json.hpp" />
    <ClInclude Include="src\State.h" />
    <ClInclude Include="src\Mario.h" />
    <ClInclude Include="src\MarioMovementStates.h" />
    <ClInclude Include="src\Debug.h" />
    <ClInclude Include="src\AssetIDs.h" />
    <ClInclude Include="src\resource.h" />
    <ClInclude Include="src\Block.h" />
    <ClInclude Include="src\Ground.h" />
    <ClInclude Include="src\CollisionComponent.h" />
    <ClInclude Include="src\Collision.h" />
    <ClInclude Include="src\Camera.h" />
    <ClInclude Include="src\Bush.h" />
    <ClInclude Include="src\Cloud.h" />
    <ClInclude Include="src\ScrewBlock.h" />
    <ClInclude Include="src\Pipe.h" />
    <ClInclude Include="src\Brick.h" />
    <ClInclude Include="src\Coin.h" />
    <ClInclude Include="src\SkyPlatform.h" />
    <ClInclude Include="src\LuckyBlock.h" />
    <ClInclude Include="src\BlackBackground.h" />
    <ClInclude Include="src\EndPortal.h" />
    <ClInclude Include="src\Camera.h" />
    <ClInclude Include="src\HeadUpDisplay.h" />
    <ClInclude Include="src\MarioPowerUpStates.h" />
    <ClInclude Include="src\MarioStateBase.h" />
    <ClInclude Include="src\GameConfig.h">
      <Filter>Source\Core</Filter>
    </ClInclude>
    <ClInclude Include="src\Goomba.h">
      <Filter>Source\Entity\Enemies</Filter>
    </ClInclude>
    <ClInclude Include="src\Paragoomba.h">
      <Filter>Source\Entity\Enemies</Filter>
    </ClInclude>
    <ClInclude Include="src\Camera.h">
      <Filter>Source\Core</Filter>
    </ClInclude>
    <ClInclude Include="src\Game.h">
      <Filter>Source\Core</Filter>
    </ClInclude>
    <ClInclude Include="src\Wings.h">
      <Filter>Source\Entity\Enemies</Filter>
    </ClInclude>
    <ClInclude Include="src\Bullet.h">
      <Filter>Source\Entity\Enemies</Filter>
    </ClInclude>
    <ClInclude Include="src\FirePiranha.h">
      <Filter>Source\Entity\Enemies</Filter>
    </ClInclude>
    <ClInclude Include="src\Effect.h">
      <Filter>Source\Graphics</Filter>
    </ClInclude>
    <ClInclude Include="src\EffectManager.h">
      <Filter>Source\Graphics</Filter>
    </ClInclude>
    <ClInclude Include="src\Enemy.h">
      <Filter>Source\Entity\Enemies</Filter>
    </ClInclude>
    <ClInclude Include="src\FireLeaf.h">
      <Filter>Source\Entity\Block</Filter>
    </ClInclude>
    <ClInclude Include="src\Mushroom.h">
      <Filter>Source\Entity\Block</Filter>
    </ClInclude>
    <ClInclude Include="src\RedTroopas.h">
      <Filter>Source\Entity\Enemies</Filter>
    </ClInclude>
  </ItemGroup>
  <ItemGroup>
    <ClCompile Include="src\DeviceResources.cpp">
      <Filter>Source\Core</Filter>
    </ClCompile>
    <ClCompile Include="src\pch.cpp">
      <Filter>Source\Core</Filter>
    </ClCompile>
    <ClCompile Include="src\Animator.cpp">
      <Filter>Source\Graphics</Filter>
    </ClCompile>
    <ClCompile Include="src\AssetIDs.cpp">
      <Filter>Source\Lib</Filter>
    </ClCompile>
    <ClCompile Include="src\BlackBackground.cpp">
      <Filter>Source\Entity\Misc</Filter>
    </ClCompile>
    <ClCompile Include="src\Block.cpp">
      <Filter>Source\Entity\Block</Filter>
    </ClCompile>
    <ClCompile Include="src\Brick.cpp">
      <Filter>Source\Entity\Block</Filter>
    </ClCompile>
    <ClCompile Include="src\Bush.cpp">
      <Filter>Source\Entity\Block</Filter>
    </ClCompile>
    <ClCompile Include="src\Cloud.cpp">
      <Filter>Source\Entity\Misc</Filter>
    </ClCompile>
    <ClCompile Include="src\Coin.cpp">
      <Filter>Source\Entity\Block</Filter>
    </ClCompile>
    <ClCompile Include="src\Camera.cpp">
      <Filter>Source\Graphics</Filter>
    </ClCompile>
    <ClCompile Include="src\Debug.cpp">
      <Filter>Source\Debug</Filter>
    </ClCompile>
    <ClCompile Include="src\DebugOverlay.cpp">
      <Filter>Source\Debug</Filter>
    </ClCompile>
    <ClCompile Include="src\EndPortal.cpp">
      <Filter>Source\Entity\Misc</Filter>
    </ClCompile>
    <ClCompile Include="src\Collision.cpp">
      <Filter>Source\Physics</Filter>
    </ClCompile>
    <ClCompile Include="src\CollisionComponent.cpp">
      <Filter>Source\Physics</Filter>
    </ClCompile>
    <ClCompile Include="src\Entity.cpp">
      <Filter>Source\Entity</Filter>
    </ClCompile>
    <ClCompile Include="src\Ground.cpp">
      <Filter>Source\Entity\Block</Filter>
    </ClCompile>
    <ClCompile Include="src\HeadUpDisplay.cpp">
      <Filter>Source\Graphics</Filter>
    </ClCompile>
    <ClCompile Include="src\Helpers.cpp">
      <Filter>Source\Debug</Filter>
    </ClCompile>
    <ClCompile Include="src\LuckyBlock.cpp">
      <Filter>Source\Entity\Block</Filter>
    </ClCompile>
    <ClCompile Include="src\Mario.cpp">
      <Filter>Source\Entity\Mario</Filter>
    </ClCompile>
    <ClCompile Include="src\MarioMovementStates.cpp">
      <Filter>Source\Entity\Mario</Filter>
    </ClCompile>
    <ClCompile Include="src\MarioPowerUpStates.cpp">
      <Filter>Source\Entity\Mario</Filter>
    </ClCompile>
    <ClCompile Include="src\MarioStateBase.cpp">
      <Filter>Source\Entity\Mario</Filter>
    </ClCompile>
    <ClCompile Include="src\Pipe.cpp">
      <Filter>Source\Entity\Block</Filter>
    </ClCompile>
    <ClCompile Include="src\ScrewBlock.cpp">
      <Filter>Source\Entity\Block</Filter>
    </ClCompile>
    <ClCompile Include="src\SkyPlatform.cpp">
      <Filter>Source\Entity\Block</Filter>
    </ClCompile>
    <ClCompile Include="src\SpriteSheet.cpp">
      <Filter>Source\Graphics</Filter>
    </ClCompile>
    <ClCompile Include="src\World.cpp">
      <Filter>Source\Core</Filter>
    </ClCompile>
    <ClCompile Include="src\Animator.cpp" />
    <ClCompile Include="src\Mario.cpp" />
    <ClCompile Include="src\MarioMovementStates.cpp" />
    <ClCompile Include="src\Debug.cpp" />
    <ClCompile Include="src\AssetIDs.cpp" />
    <ClCompile Include="src\Block.cpp" />
    <ClCompile Include="src\Ground.cpp" />
    <ClCompile Include="src\CollisionComponent.cpp" />
    <ClCompile Include="src\Collision.cpp" />
    <ClCompile Include="src\Camera.cpp" />
    <ClCompile Include="src\Bush.cpp" />
    <ClCompile Include="src\Cloud.cpp" />
    <ClCompile Include="src\ScrewBlock.cpp" />
    <ClCompile Include="src\Pipe.cpp" />
    <ClCompile Include="src\Brick.cpp" />
    <ClCompile Include="src\Coin.cpp" />
    <ClCompile Include="src\SkyPlatform.cpp" />
    <ClCompile Include="src\LuckyBlock.cpp" />
    <ClCompile Include="src\BlackBackground.cpp" />
    <ClCompile Include="src\EndPortal.cpp" />
    <ClCompile Include="src\Camera.cpp" />
    <ClCompile Include="src\HeadUpDisplay.cpp" />
    <ClCompile Include="src\MarioPowerUpStates.cpp" />
    <ClCompile Include="src\MarioStateBase.cpp" />
    <ClCompile Include="src\Goomba.cpp">
      <Filter>Source\Entity\Enemies</Filter>
    </ClCompile>
    <ClCompile Include="src\Paragoomba.cpp">
      <Filter>Source\Entity\Enemies</Filter>
    </ClCompile>
    <ClCompile Include="src\Camera.cpp">
      <Filter>Source\Core</Filter>
    </ClCompile>
    <ClCompile Include="src\Main.cpp">
      <Filter>Source\Core</Filter>
    </ClCompile>
    <ClCompile Include="src\Wings.cpp">
      <Filter>Source\Entity\Enemies</Filter>
    </ClCompile>
    <ClCompile Include="src\Bullet.cpp">
      <Filter>Source\Entity\Enemies</Filter>
    </ClCompile>
    <ClCompile Include="src\FirePiranha.cpp">
      <Filter>Source\Entity\Enemies</Filter>
    </ClCompile>
    <ClCompile Include="src\Game.cpp">
      <Filter>Source\Core</Filter>
    </ClCompile>
    <ClCompile Include="src\Effect.cpp">
      <Filter>Source\Graphics</Filter>
    </ClCompile>
    <ClCompile Include="src\EffectManager.cpp">
      <Filter>Source\Graphics</Filter>
    </ClCompile>
    <ClCompile Include="src\Enemy.cpp">
      <Filter>Source\Entity\Enemies</Filter>
    </ClCompile>
    <ClCompile Include="src\FireLeaf.cpp">
      <Filter>Source\Entity\Block</Filter>
    </ClCompile>
    <ClCompile Include="src\Mushroom.cpp">
      <Filter>Source\Entity\Block</Filter>
    </ClCompile>
    <ClCompile Include="src\RedTroopas.cpp">
      <Filter>Source\Entity\Enemies</Filter>
    </ClCompile>
  </ItemGroup>
  <ItemGroup>
    <Image Include="src\textures\font.png">
      <Filter>Resources\Texture</Filter>
    </Image>
    <Image Include="src\SMB3.ico">
      <Filter>Resources\Texture</Filter>
    </Image>
    <Image Include="src\textures\sprites.png">
      <Filter>Resources\Texture</Filter>
    </Image>
  </ItemGroup>
  <ItemGroup>
    <None Include="src\game.json">
      <Filter>Resources\Assets</Filter>
    </None>
    <None Include="src\textures\mario.spritefont">
      <Filter>Resources\Assets</Filter>
    </None>
    <None Include="src\sprites.json">
      <Filter>Resources\Assets</Filter>
    </None>
    <None Include="src\world_1-1.json">
      <Filter>Resources\Assets</Filter>
    </None>
    <None Include="src\packages.config">
      <Filter>Source\Core</Filter>
    </None>
  </ItemGroup>
  <ItemGroup>
    <Text Include="src\textures\readme.txt">
      <Filter>Resources</Filter>
    </Text>
    <Text Include="src\textures\sprites.txt">
      <Filter>Resources\Assets</Filter>
    </Text>
  </ItemGroup>
  <ItemGroup>
    <Manifest Include="src\settings.manifest">
      <Filter>Source\Core</Filter>
    </Manifest>
  </ItemGroup>
  <ItemGroup>
    <ResourceCompile Include="src\resource.rc">
      <Filter>Resources</Filter>
    </ResourceCompile>
  </ItemGroup>
</Project>