<?xml version="1.0" encoding="utf-8"?>
<Project ToolsVersion="4.0" xmlns="http://schemas.microsoft.com/developer/msbuild/2003">
  <ItemGroup>
    <Filter Include="Resources">
      <UniqueIdentifier>d439e338-f767-4ef7-9b54-da8b4177f705</UniqueIdentifier>
      <Extensions>ico;cur;bmp;dds;dlg;fbx;rct;bin;rgs;gif;jpg;jpeg;jpe;resx;tga;tiff;tif;png;wav;mfcribbon-ms</Extensions>
    </Filter>
    <Filter Include="Resources\Texture">
      <UniqueIdentifier>{a5bc49fd-4ff4-4276-a3ea-6d4c7989657e}</UniqueIdentifier>
    </Filter>
    <Filter Include="Resources\Assets">
      <UniqueIdentifier>{f73d81d7-31c0-476d-8ad6-3a75fe4252b7}</UniqueIdentifier>
    </Filter>
    <Filter Include="Source">
      <UniqueIdentifier>c1d233ee-9861-4493-82ea-3023a5b3075e</UniqueIdentifier>
    </Filter>
    <Filter Include="Source\Core">
      <UniqueIdentifier>{7060547a-be7d-4973-a7f5-eee4025a9dcf}</UniqueIdentifier>
    </Filter>
    <Filter Include="Source\Entity">
      <UniqueIdentifier>{a231a0fd-2faa-4c2f-a6dc-471033add5dd}</UniqueIdentifier>
    </Filter>
    <Filter Include="Source\Entity\Mario">
      <UniqueIdentifier>{b4f75cbf-e1a2-4880-849c-b3c310e46fe3}</UniqueIdentifier>
    </Filter>
    <Filter Include="Source\Graphics">
      <UniqueIdentifier>{db3a463c-bc0f-4666-8b3c-b4e88a52c762}</UniqueIdentifier>
    </Filter>
    <Filter Include="Source\Lib">
      <UniqueIdentifier>{4a6ef0e9-ccaf-4de9-80d0-bf201638b441}</UniqueIdentifier>
    </Filter>
    <Filter Include="Source\Entity\Misc">
      <UniqueIdentifier>{e028b4a6-a349-42e3-8c4e-78d880d36f3f}</UniqueIdentifier>
    </Filter>
    <Filter Include="Source\Entity\Block">
      <UniqueIdentifier>{4a1abce6-7c5e-47e8-a949-4ed50058e8d3}</UniqueIdentifier>
    </Filter>
    <Filter Include="Source\Debug">
      <UniqueIdentifier>{eed301ce-ab1e-454a-8cad-748e8898ae9d}</UniqueIdentifier>
    </Filter>
    <Filter Include="Source\Physics">
      <UniqueIdentifier>{91f8fd95-f3ef-489a-9220-1ad929c60f13}</UniqueIdentifier>
    </Filter>
    <Filter Include="Source\Entity\Enemies">
      <UniqueIdentifier>{d74bf14b-1525-4e2d-923e-3225d9124068}</UniqueIdentifier>
    </Filter>
  </ItemGroup>
  <ItemGroup>
    <ClInclude Include="DeviceResources.h">
      <Filter>Source\Core</Filter>
    </ClInclude>
    <ClInclude Include="pch.h">
      <Filter>Source\Core</Filter>
    </ClInclude>
    <ClInclude Include="Animator.h">
      <Filter>Source\Graphics</Filter>
    </ClInclude>
    <ClInclude Include="AssetIDs.h">
      <Filter>Source\Lib</Filter>
    </ClInclude>
    <ClInclude Include="BlackBackground.h">
      <Filter>Source\Entity\Misc</Filter>
    </ClInclude>
    <ClInclude Include="Block.h">
      <Filter>Source\Entity\Block</Filter>
    </ClInclude>
    <ClInclude Include="Brick.h">
      <Filter>Source\Entity\Block</Filter>
    </ClInclude>
    <ClInclude Include="Bush.h">
      <Filter>Source\Entity\Block</Filter>
    </ClInclude>
    <ClInclude Include="Cloud.h">
      <Filter>Source\Entity\Misc</Filter>
    </ClInclude>
    <ClInclude Include="Coin.h">
      <Filter>Source\Entity\Block</Filter>
    </ClInclude>
    <ClInclude Include="Camera.h">
      <Filter>Source\Graphics</Filter>
    </ClInclude>
    <ClInclude Include="Debug.h">
      <Filter>Source\Debug</Filter>
    </ClInclude>
    <ClInclude Include="DebugOverlay.h">
      <Filter>Source\Debug</Filter>
    </ClInclude>
    <ClInclude Include="EndPortal.h">
      <Filter>Source\Entity\Misc</Filter>
    </ClInclude>
    <ClInclude Include="CollisionComponent.h">
      <Filter>Source\Physics</Filter>
    </ClInclude>
    <ClInclude Include="Collision.h">
      <Filter>Source\Physics</Filter>
    </ClInclude>
    <ClInclude Include="Entity.h">
      <Filter>Source\Entity</Filter>
    </ClInclude>
    <ClInclude Include="Ground.h">
      <Filter>Source\Entity\Block</Filter>
    </ClInclude>
    <ClInclude Include="HeadUpDisplay.h">
      <Filter>Source\Graphics</Filter>
    </ClInclude>
    <ClInclude Include="Helpers.h">
      <Filter>Source\Debug</Filter>
    </ClInclude>
    <ClInclude Include="json.hpp">
      <Filter>Source\Core</Filter>
    </ClInclude>
    <ClInclude Include="LuckyBlock.h">
      <Filter>Source\Entity\Block</Filter>
    </ClInclude>
    <ClInclude Include="Mario.h">
      <Filter>Source\Entity\Mario</Filter>
    </ClInclude>
    <ClInclude Include="MarioMovementStates.h">
      <Filter>Source\Entity\Mario</Filter>
    </ClInclude>
    <ClInclude Include="MarioPowerUpStates.h">
      <Filter>Source\Entity\Mario</Filter>
    </ClInclude>
    <ClInclude Include="MarioStateBase.h">
      <Filter>Source\Entity\Mario</Filter>
    </ClInclude>
    <ClInclude Include="ScrewBlock.h">
      <Filter>Source\Entity\Block</Filter>
    </ClInclude>
    <ClInclude Include="SkyPlatform.h">
      <Filter>Source\Entity\Block</Filter>
    </ClInclude>
    <ClInclude Include="SpriteSheet.h">
      <Filter>Source\Graphics</Filter>
    </ClInclude>
    <ClInclude Include="World.h">
      <Filter>Source\Core</Filter>
    </ClInclude>
    <ClInclude Include="State.h">
      <Filter>Source\Entity</Filter>
    </ClInclude>
    <ClInclude Include="StepTimer.h">
      <Filter>Source\Core</Filter>
    </ClInclude>
    <ClInclude Include="Pipe.h">
      <Filter>Source\Entity\Block</Filter>
    </ClInclude>
    <ClInclude Include="resource.h">
      <Filter>Resources</Filter>
    </ClInclude>
    <ClInclude Include="Animator.h" />
    <ClInclude Include="json.hpp" />
    <ClInclude Include="State.h" />
    <ClInclude Include="Mario.h" />
    <ClInclude Include="MarioMovementStates.h" />
    <ClInclude Include="Debug.h" />
    <ClInclude Include="AssetIDs.h" />
    <ClInclude Include="resource.h" />
    <ClInclude Include="Block.h" />
    <ClInclude Include="Ground.h" />
    <ClInclude Include="CollisionComponent.h" />
    <ClInclude Include="Collision.h" />
    <ClInclude Include="Camera.h" />
    <ClInclude Include="Bush.h" />
    <ClInclude Include="Cloud.h" />
    <ClInclude Include="ScrewBlock.h" />
    <ClInclude Include="Pipe.h" />
    <ClInclude Include="Brick.h" />
    <ClInclude Include="Coin.h" />
    <ClInclude Include="SkyPlatform.h" />
    <ClInclude Include="LuckyBlock.h" />
    <ClInclude Include="BlackBackground.h" />
    <ClInclude Include="EndPortal.h" />
    <ClInclude Include="Camera.h" />
    <ClInclude Include="HeadUpDisplay.h" />
    <ClInclude Include="MarioPowerUpStates.h" />
    <ClInclude Include="MarioStateBase.h" />
    <ClInclude Include="GameConfig.h">
      <Filter>Source\Core</Filter>
    </ClInclude>
    <ClInclude Include="Goomba.h">
      <Filter>Source\Entity\Enemies</Filter>
    </ClInclude>
    <ClInclude Include="Paragoomba.h">
      <Filter>Source\Entity\Enemies</Filter>
    </ClInclude>
    <ClInclude Include="Camera.h">
      <Filter>Source\Core</Filter>
    </ClInclude>
    <ClInclude Include="Game.h">
      <Filter>Source\Core</Filter>
    </ClInclude>
    <ClInclude Include="Wings.h">
      <Filter>Source\Entity\Enemies</Filter>
    </ClInclude>
    <ClInclude Include="Bullet.h">
      <Filter>Source\Entity\Enemies</Filter>
    </ClInclude>
    <ClInclude Include="FirePiranha.h">
      <Filter>Source\Entity\Enemies</Filter>
    </ClInclude>
    <ClInclude Include="Effect.h">
      <Filter>Source\Graphics</Filter>
    </ClInclude>
    <ClInclude Include="EffectManager.h">
      <Filter>Source\Graphics</Filter>
    </ClInclude>
    <ClInclude Include="Enemy.h">
      <Filter>Source\Entity\Enemies</Filter>
    </ClInclude>
    <ClInclude Include="RedTroopas.h">
      <Filter>Source\Entity\Enemies</Filter>
    </ClInclude>
    <ClInclude Include="FireLeaf.h">
      <Filter>Source\Entity\Block</Filter>
    </ClInclude>
    <ClInclude Include="Mushroom.h">
      <Filter>Source\Entity\Block</Filter>
    </ClInclude>
    <ClInclude Include="BitePiranha.h" />
    <ClInclude Include="BrickParticle.h" />
    <ClInclude Include="HiddenButton.h" />
    <ClInclude Include="Troopa.h" />
    <ClInclude Include="GreenTroopa.h" />
  </ItemGroup>
  <ItemGroup>
    <ClCompile Include="DeviceResources.cpp">
      <Filter>Source\Core</Filter>
    </ClCompile>
    <ClCompile Include="pch.cpp">
      <Filter>Source\Core</Filter>
    </ClCompile>
    <ClCompile Include="Animator.cpp">
      <Filter>Source\Graphics</Filter>
    </ClCompile>
    <ClCompile Include="AssetIDs.cpp">
      <Filter>Source\Lib</Filter>
    </ClCompile>
    <ClCompile Include="BlackBackground.cpp">
      <Filter>Source\Entity\Misc</Filter>
    </ClCompile>
    <ClCompile Include="Block.cpp">
      <Filter>Source\Entity\Block</Filter>
    </ClCompile>
    <ClCompile Include="Brick.cpp">
      <Filter>Source\Entity\Block</Filter>
    </ClCompile>
    <ClCompile Include="Bush.cpp">
      <Filter>Source\Entity\Block</Filter>
    </ClCompile>
    <ClCompile Include="Cloud.cpp">
      <Filter>Source\Entity\Misc</Filter>
    </ClCompile>
    <ClCompile Include="Coin.cpp">
      <Filter>Source\Entity\Block</Filter>
    </ClCompile>
    <ClCompile Include="Camera.cpp">
      <Filter>Source\Graphics</Filter>
    </ClCompile>
    <ClCompile Include="Debug.cpp">
      <Filter>Source\Debug</Filter>
    </ClCompile>
    <ClCompile Include="DebugOverlay.cpp">
      <Filter>Source\Debug</Filter>
    </ClCompile>
    <ClCompile Include="EndPortal.cpp">
      <Filter>Source\Entity\Misc</Filter>
    </ClCompile>
    <ClCompile Include="Collision.cpp">
      <Filter>Source\Physics</Filter>
    </ClCompile>
    <ClCompile Include="CollisionComponent.cpp">
      <Filter>Source\Physics</Filter>
    </ClCompile>
    <ClCompile Include="Entity.cpp">
      <Filter>Source\Entity</Filter>
    </ClCompile>
    <ClCompile Include="Ground.cpp">
      <Filter>Source\Entity\Block</Filter>
    </ClCompile>
    <ClCompile Include="HeadUpDisplay.cpp">
      <Filter>Source\Graphics</Filter>
    </ClCompile>
    <ClCompile Include="Helpers.cpp">
      <Filter>Source\Debug</Filter>
    </ClCompile>
    <ClCompile Include="LuckyBlock.cpp">
      <Filter>Source\Entity\Block</Filter>
    </ClCompile>
    <ClCompile Include="Mario.cpp">
      <Filter>Source\Entity\Mario</Filter>
    </ClCompile>
    <ClCompile Include="MarioMovementStates.cpp">
      <Filter>Source\Entity\Mario</Filter>
    </ClCompile>
    <ClCompile Include="MarioPowerUpStates.cpp">
      <Filter>Source\Entity\Mario</Filter>
    </ClCompile>
    <ClCompile Include="MarioStateBase.cpp">
      <Filter>Source\Entity\Mario</Filter>
    </ClCompile>
    <ClCompile Include="Pipe.cpp">
      <Filter>Source\Entity\Block</Filter>
    </ClCompile>
    <ClCompile Include="ScrewBlock.cpp">
      <Filter>Source\Entity\Block</Filter>
    </ClCompile>
    <ClCompile Include="SkyPlatform.cpp">
      <Filter>Source\Entity\Block</Filter>
    </ClCompile>
    <ClCompile Include="SpriteSheet.cpp">
      <Filter>Source\Graphics</Filter>
    </ClCompile>
    <ClCompile Include="World.cpp">
      <Filter>Source\Core</Filter>
    </ClCompile>
    <ClCompile Include="Animator.cpp" />
    <ClCompile Include="Mario.cpp" />
    <ClCompile Include="MarioMovementStates.cpp" />
    <ClCompile Include="Debug.cpp" />
    <ClCompile Include="AssetIDs.cpp" />
    <ClCompile Include="Block.cpp" />
    <ClCompile Include="Ground.cpp" />
    <ClCompile Include="CollisionComponent.cpp" />
    <ClCompile Include="Collision.cpp" />
    <ClCompile Include="Camera.cpp" />
    <ClCompile Include="Bush.cpp" />
    <ClCompile Include="Cloud.cpp" />
    <ClCompile Include="ScrewBlock.cpp" />
    <ClCompile Include="Pipe.cpp" />
    <ClCompile Include="Brick.cpp" />
    <ClCompile Include="Coin.cpp" />
    <ClCompile Include="SkyPlatform.cpp" />
    <ClCompile Include="LuckyBlock.cpp" />
    <ClCompile Include="BlackBackground.cpp" />
    <ClCompile Include="EndPortal.cpp" />
    <ClCompile Include="Camera.cpp" />
    <ClCompile Include="HeadUpDisplay.cpp" />
    <ClCompile Include="MarioPowerUpStates.cpp" />
    <ClCompile Include="MarioStateBase.cpp" />
    <ClCompile Include="Goomba.cpp">
      <Filter>Source\Entity\Enemies</Filter>
    </ClCompile>
    <ClCompile Include="Paragoomba.cpp">
      <Filter>Source\Entity\Enemies</Filter>
    </ClCompile>
    <ClCompile Include="Camera.cpp">
      <Filter>Source\Core</Filter>
    </ClCompile>
    <ClCompile Include="Main.cpp">
      <Filter>Source\Core</Filter>
    </ClCompile>
    <ClCompile Include="Wings.cpp">
      <Filter>Source\Entity\Enemies</Filter>
    </ClCompile>
    <ClCompile Include="Bullet.cpp">
      <Filter>Source\Entity\Enemies</Filter>
    </ClCompile>
    <ClCompile Include="FirePiranha.cpp">
      <Filter>Source\Entity\Enemies</Filter>
    </ClCompile>
    <ClCompile Include="Game.cpp">
      <Filter>Source\Core</Filter>
    </ClCompile>
    <ClCompile Include="Effect.cpp">
      <Filter>Source\Graphics</Filter>
    </ClCompile>
    <ClCompile Include="EffectManager.cpp">
      <Filter>Source\Graphics</Filter>
    </ClCompile>
    <ClCompile Include="Enemy.cpp">
      <Filter>Source\Entity\Enemies</Filter>
    </ClCompile>
    <ClCompile Include="RedTroopas.cpp">
      <Filter>Source\Entity\Enemies</Filter>
    </ClCompile>
    <ClCompile Include="FireLeaf.cpp">
      <Filter>Source\Entity\Block</Filter>
    </ClCompile>
    <ClCompile Include="Mushroom.cpp">
      <Filter>Source\Entity\Block</Filter>
    </ClCompile>
    <ClCompile Include="BitePiranha.cpp" />
    <ClCompile Include="BrickParticle.cpp" />
    <ClCompile Include="HiddenButton.cpp" />
    <ClCompile Include="Troopa.cpp" />
    <ClCompile Include="GreenTroopa.cpp" />
  </ItemGroup>
  <ItemGroup>
    <Image Include="textures\font.png">
      <Filter>Resources\Texture</Filter>
    </Image>
    <Image Include="SMB3.ico">
      <Filter>Resources\Texture</Filter>
    </Image>
    <Image Include="textures\sprites.png">
      <Filter>Resources\Texture</Filter>
    </Image>
  </ItemGroup>
  <ItemGroup>
    <None Include="game.json">
      <Filter>Resources\Assets</Filter>
    </None>
    <None Include="textures\mario.spritefont">
      <Filter>Resources\Assets</Filter>
    </None>
    <None Include="sprites.json">
      <Filter>Resources\Assets</Filter>
    </None>
    <None Include="world_1-1.json">
      <Filter>Resources\Assets</Filter>
    </None>
    <None Include="packages.config">
      <Filter>Source\Core</Filter>
    </None>
  </ItemGroup>
  <ItemGroup>
    <Text Include="textures\readme.txt">
      <Filter>Resources</Filter>
    </Text>
    <Text Include="textures\sprites.txt">
      <Filter>Resources\Assets</Filter>
    </Text>
  </ItemGroup>
  <ItemGroup>
    <Manifest Include="settings.manifest">
      <Filter>Source\Core</Filter>
    </Manifest>
  </ItemGroup>
  <ItemGroup>
    <ResourceCompile Include="resource.rc">
      <Filter>Resources</Filter>
    </ResourceCompile>
  </ItemGroup>
</Project>