<?xml version="1.0" encoding="utf-8"?>
<Project ToolsVersion="4.0" xmlns="http://schemas.microsoft.com/developer/msbuild/2003">
  <ItemGroup>
    <Filter Include="Common">
      <UniqueIdentifier>c1d233ee-9861-4493-82ea-3023a5b3075e</UniqueIdentifier>
    </Filter>
    <Filter Include="Assets">
      <UniqueIdentifier>d439e338-f767-4ef7-9b54-da8b4177f705</UniqueIdentifier>
      <Extensions>ico;cur;bmp;dds;dlg;fbx;rct;bin;rgs;gif;jpg;jpeg;jpe;resx;tga;tiff;tif;png;wav;mfcribbon-ms</Extensions>
    </Filter>
    <Filter Include="Stable">
      <UniqueIdentifier>{0d3608c2-36e4-444f-b6a8-ccfb46cf423c}</UniqueIdentifier>
    </Filter>
  </ItemGroup>
  <ItemGroup>
    <ClInclude Include="DeviceResources.h">
      <Filter>Common</Filter>
    </ClInclude>
    <ClInclude Include="World.h" />
    <ClInclude Include="Entity.h" />
    <ClInclude Include="DebugOverlay.h">
      <Filter>Stable</Filter>
    </ClInclude>
    <ClInclude Include="Game.h">
      <Filter>Stable</Filter>
    </ClInclude>
    <ClInclude Include="Helpers.h">
      <Filter>Stable</Filter>
    </ClInclude>
    <ClInclude Include="pch.h">
      <Filter>Common</Filter>
    </ClInclude>
    <ClInclude Include="SpriteSheet.h">
      <Filter>Stable</Filter>
    </ClInclude>
    <ClInclude Include="StepTimer.h">
      <Filter>Stable</Filter>
    </ClInclude>
    <ClInclude Include="Animator.h" />
    <ClInclude Include="json.hpp" />
    <ClInclude Include="State.h" />
    <ClInclude Include="Mario.h" />
    <ClInclude Include="MarioMovementStates.h" />
    <ClInclude Include="Debug.h" />
    <ClInclude Include="AssetIDs.h" />
    <ClInclude Include="resource.h" />
    <ClInclude Include="Block.h" />
    <ClInclude Include="Ground.h" />
    <ClInclude Include="CollisionComponent.h" />
    <ClInclude Include="Collision.h" />
    <ClInclude Include="Camera.h" />
    <ClInclude Include="HeadUpDisplay.h" />
    <ClInclude Include="MarioPowerUpStates.h" />
    <ClInclude Include="MarioStateBase.h" />
    <ClInclude Include="MarioStateFactory.h" />
  </ItemGroup>
  <ItemGroup>
    <ClCompile Include="DeviceResources.cpp">
      <Filter>Common</Filter>
    </ClCompile>
    <ClCompile Include="World.cpp" />
    <ClCompile Include="Entity.cpp" />
    <ClCompile Include="DebugOverlay.cpp">
      <Filter>Stable</Filter>
    </ClCompile>
    <ClCompile Include="Game.cpp">
      <Filter>Stable</Filter>
    </ClCompile>
    <ClCompile Include="Helpers.cpp">
      <Filter>Stable</Filter>
    </ClCompile>
    <ClCompile Include="Main.cpp">
      <Filter>Stable</Filter>
    </ClCompile>
    <ClCompile Include="pch.cpp">
      <Filter>Common</Filter>
    </ClCompile>
    <ClCompile Include="SpriteSheet.cpp">
      <Filter>Stable</Filter>
    </ClCompile>
    <ClCompile Include="Animator.cpp" />
    <ClCompile Include="Mario.cpp" />
    <ClCompile Include="MarioMovementStates.cpp" />
    <ClCompile Include="Debug.cpp" />
    <ClCompile Include="AssetIDs.cpp" />
    <ClCompile Include="Block.cpp" />
    <ClCompile Include="Ground.cpp" />
    <ClCompile Include="CollisionComponent.cpp" />
    <ClCompile Include="Collision.cpp" />
    <ClCompile Include="Camera.cpp" />
    <ClCompile Include="HeadUpDisplay.cpp" />
    <ClCompile Include="MarioPowerUpStates.cpp" />
    <ClCompile Include="MarioStateBase.cpp" />
    <ClCompile Include="MarioStateFactory.cpp" />
  </ItemGroup>
  <ItemGroup>
    <Image Include="directx.ico">
      <Filter>Assets</Filter>
    </Image>
    <Image Include="textures\tiles.dds">
      <Filter>Assets</Filter>
    </Image>
    <Image Include="textures\shipanimated.png">
      <Filter>Assets</Filter>
    </Image>
    <Image Include="textures\bg-1-1.png">
      <Filter>Assets</Filter>
    </Image>
    <Image Include="textures\bg-1-4.png">
      <Filter>Assets</Filter>
    </Image>
    <Image Include="textures\enemies.png">
      <Filter>Assets</Filter>
    </Image>
    <Image Include="textures\font.png">
      <Filter>Assets</Filter>
    </Image>
    <Image Include="textures\hud.png">
      <Filter>Assets</Filter>
    </Image>
    <Image Include="textures\mario.png">
      <Filter>Assets</Filter>
    </Image>
    <Image Include="textures\smb3_enemies_sheet_2.png">
      <Filter>Assets</Filter>
    </Image>
    <Image Include="textures\tiles.png">
      <Filter>Assets</Filter>
    </Image>
    <Image Include="SMB3.ico">
      <Filter>Assets</Filter>
    </Image>
    <Image Include="textures\sprites.png">
      <Filter>Assets</Filter>
    </Image>
  </ItemGroup>
  <ItemGroup>
    <Manifest Include="settings.manifest">
      <Filter>Assets</Filter>
    </Manifest>
  </ItemGroup>
  <ItemGroup>
    <None Include="packages.config" />
    <None Include="textures\mario.spritefont">
      <Filter>Assets</Filter>
    </None>
    <None Include="textures\sfmono.spritefont">
      <Filter>Assets</Filter>
    </None>
    <None Include="game.json">
      <Filter>Assets</Filter>
    </None>
    <None Include="testWorld.json">
      <Filter>Assets</Filter>
    </None>
    <None Include="sprites.json">
      <Filter>Assets</Filter>
    </None>
  </ItemGroup>
  <ItemGroup>
    <Text Include="textures\readme.txt">
      <Filter>Assets</Filter>
    </Text>
    <Text Include="textures\sprites.txt">
      <Filter>Assets</Filter>
    </Text>
  </ItemGroup>
  <ItemGroup>
    <ResourceCompile Include="resource.rc" />
  </ItemGroup>
</Project>